
Microsoft Visual Studio Solution File, Format Version 12.00
# Visual Studio Version 16
VisualStudioVersion = 16.0.30128.74
MinimumVisualStudioVersion = 10.0.40219.1
Project("{FAE04EC0-301F-11D3-BF4B-00C04F79EFBC}") = "TranslateGenerator_DJ", "TranslateGenerator_DJ.csproj", "{A1D474C6-D3EA-40E1-9BF3-1C9F95F321A3}"
EndProject
Global
	GlobalSection(SolutionConfigurationPlatforms) = preSolution
		Debug|Any CPU = Debug|Any CPU
		Release|Any CPU = Release|Any CPU
	EndGlobalSection
	GlobalSection(ProjectConfigurationPlatforms) = postSolution
		{A1D474C6-D3EA-40E1-9BF3-1C9F95F321A3}.Debug|Any CPU.ActiveCfg = Debug|Any CPU
		{A1D474C6-D3EA-40E1-9BF3-1C9F95F321A3}.Debug|Any CPU.Build.0 = Debug|Any CPU
		{A1D474C6-D3EA-40E1-9BF3-1C9F95F321A3}.Release|Any CPU.ActiveCfg = Release|Any CPU
		{A1D474C6-D3EA-40E1-9BF3-1C9F95F321A3}.Release|Any CPU.Build.0 = Release|Any CPU
	EndGlobalSection
	GlobalSection(SolutionProperties) = preSolution
		HideSolutionNode = FALSE
	EndGlobalSection
	GlobalSection(ExtensibilityGlobals) = postSolution
		SolutionGuid = {230FFE4E-6A7E-4DFE-BCE8-5D1811B3847C}
	EndGlobalSection
EndGlobal
