
Microsoft Visual Studio Solution File, Format Version 12.00
# Visual Studio 15
VisualStudioVersion = 15.0.28307.852
MinimumVisualStudioVersion = 10.0.40219.1
Project("{FAE04EC0-301F-11D3-BF4B-00C04F79EFBC}") = "TranslateMaker", "TranslateMaker.csproj", "{43CCD74C-DD36-4E66-923F-6697F1DFAD5E}"
EndProject
Global
	GlobalSection(SolutionConfigurationPlatforms) = preSolution
		Debug|Any CPU = Debug|Any CPU
		Release|Any CPU = Release|Any CPU
	EndGlobalSection
	GlobalSection(ProjectConfigurationPlatforms) = postSolution
		{43CCD74C-DD36-4E66-923F-6697F1DFAD5E}.Debug|Any CPU.ActiveCfg = Debug|Any CPU
		{43CCD74C-DD36-4E66-923F-6697F1DFAD5E}.Debug|Any CPU.Build.0 = Debug|Any CPU
		{43CCD74C-DD36-4E66-923F-6697F1DFAD5E}.Release|Any CPU.ActiveCfg = Release|Any CPU
		{43CCD74C-DD36-4E66-923F-6697F1DFAD5E}.Release|Any CPU.Build.0 = Release|Any CPU
	EndGlobalSection
	GlobalSection(SolutionProperties) = preSolution
		HideSolutionNode = FALSE
	EndGlobalSection
	GlobalSection(ExtensibilityGlobals) = postSolution
		SolutionGuid = {0570EFCD-DCD5-48C1-ABBB-6A3233EB4C4D}
	EndGlobalSection
EndGlobal
